
Microsoft Visual Studio Solution File, Format Version 12.00
# Visual Studio Version 16
VisualStudioVersion = 16.0.30804.86
MinimumVisualStudioVersion = 10.0.40219.1
Project("{FAE04EC0-301F-11D3-BF4B-00C04F79EFBC}") = "songbookgenerator", "songbookgenerator\songbookgenerator.csproj", "{316FC0C1-0F71-4D3D-92BB-C03D7AB99E4E}"
EndProject
Project("{FAE04EC0-301F-11D3-BF4B-00C04F79EFBC}") = "songbooklib", "songbooklib\songbooklib.csproj", "{9E58A197-B1A5-40FD-A09D-CE8C89E9D6C3}"
EndProject
Project("{FAE04EC0-301F-11D3-BF4B-00C04F79EFBC}") = "WebView", "WebView\WebView.csproj", "{19124179-C859-440C-859E-2689DAC40627}"
EndProject
Global
	GlobalSection(SolutionConfigurationPlatforms) = preSolution
		Debug|Any CPU = Debug|Any CPU
		Release|Any CPU = Release|Any CPU
	EndGlobalSection
	GlobalSection(ProjectConfigurationPlatforms) = postSolution
		{316FC0C1-0F71-4D3D-92BB-C03D7AB99E4E}.Debug|Any CPU.ActiveCfg = Debug|Any CPU
		{316FC0C1-0F71-4D3D-92BB-C03D7AB99E4E}.Debug|Any CPU.Build.0 = Debug|Any CPU
		{316FC0C1-0F71-4D3D-92BB-C03D7AB99E4E}.Release|Any CPU.ActiveCfg = Release|Any CPU
		{316FC0C1-0F71-4D3D-92BB-C03D7AB99E4E}.Release|Any CPU.Build.0 = Release|Any CPU
		{9E58A197-B1A5-40FD-A09D-CE8C89E9D6C3}.Debug|Any CPU.ActiveCfg = Debug|Any CPU
		{9E58A197-B1A5-40FD-A09D-CE8C89E9D6C3}.Debug|Any CPU.Build.0 = Debug|Any CPU
		{9E58A197-B1A5-40FD-A09D-CE8C89E9D6C3}.Release|Any CPU.ActiveCfg = Release|Any CPU
		{9E58A197-B1A5-40FD-A09D-CE8C89E9D6C3}.Release|Any CPU.Build.0 = Release|Any CPU
		{19124179-C859-440C-859E-2689DAC40627}.Debug|Any CPU.ActiveCfg = Debug|Any CPU
		{19124179-C859-440C-859E-2689DAC40627}.Debug|Any CPU.Build.0 = Debug|Any CPU
		{19124179-C859-440C-859E-2689DAC40627}.Release|Any CPU.ActiveCfg = Release|Any CPU
		{19124179-C859-440C-859E-2689DAC40627}.Release|Any CPU.Build.0 = Release|Any CPU
	EndGlobalSection
	GlobalSection(SolutionProperties) = preSolution
		HideSolutionNode = FALSE
	EndGlobalSection
	GlobalSection(ExtensibilityGlobals) = postSolution
		SolutionGuid = {756B2C4E-9A1C-4387-B957-144260433185}
	EndGlobalSection
EndGlobal
